
Microsoft Visual Studio Solution File, Format Version 12.00
# Visual Studio Version 16
VisualStudioVersion = 16.0.29806.167
MinimumVisualStudioVersion = 10.0.40219.1
Project("{FAE04EC0-301F-11D3-BF4B-00C04F79EFBC}") = "Taxi.common", "Taxi.common\Taxi.common.csproj", "{247B4B5E-65FC-42CD-9D1C-B48878638196}"
EndProject
Project("{FAE04EC0-301F-11D3-BF4B-00C04F79EFBC}") = "Taxi.Web", "Taxi.Web\Taxi.Web.csproj", "{903231A6-10EA-4BE2-B47A-C9D3A7BAF0D2}"
EndProject
Project("{FAE04EC0-301F-11D3-BF4B-00C04F79EFBC}") = "Taxi.Prism", "Taxi.Prism\Taxi.Prism\Taxi.Prism.csproj", "{D64D4456-FE03-4A91-ABCC-4BC5CD1E7E24}"
EndProject
Project("{FAE04EC0-301F-11D3-BF4B-00C04F79EFBC}") = "Taxi.Prism.Android", "Taxi.Prism\Taxi.Prism.Android\Taxi.Prism.Android.csproj", "{7645B624-5D22-4D0C-864B-815111BA2EBE}"
EndProject
Project("{FAE04EC0-301F-11D3-BF4B-00C04F79EFBC}") = "Taxi.Prism.iOS", "Taxi.Prism\Taxi.Prism.iOS\Taxi.Prism.iOS.csproj", "{B11A4F27-A223-46CF-9CF1-255790881471}"
EndProject
Project("{FAE04EC0-301F-11D3-BF4B-00C04F79EFBC}") = "Taxi.Cross.Android", "Taxi.Cross.Android\Taxi.Cross.Android.csproj", "{E78811DA-5513-45F2-A0D7-AEE726E9D527}"
EndProject
Global
	GlobalSection(SolutionConfigurationPlatforms) = preSolution
		Ad-Hoc|Any CPU = Ad-Hoc|Any CPU
		Ad-Hoc|iPhone = Ad-Hoc|iPhone
		Ad-Hoc|iPhoneSimulator = Ad-Hoc|iPhoneSimulator
		AppStore|Any CPU = AppStore|Any CPU
		AppStore|iPhone = AppStore|iPhone
		AppStore|iPhoneSimulator = AppStore|iPhoneSimulator
		Debug|Any CPU = Debug|Any CPU
		Debug|iPhone = Debug|iPhone
		Debug|iPhoneSimulator = Debug|iPhoneSimulator
		Release|Any CPU = Release|Any CPU
		Release|iPhone = Release|iPhone
		Release|iPhoneSimulator = Release|iPhoneSimulator
	EndGlobalSection
	GlobalSection(ProjectConfigurationPlatforms) = postSolution
		{247B4B5E-65FC-42CD-9D1C-B48878638196}.Ad-Hoc|Any CPU.ActiveCfg = Debug|Any CPU
		{247B4B5E-65FC-42CD-9D1C-B48878638196}.Ad-Hoc|Any CPU.Build.0 = Debug|Any CPU
		{247B4B5E-65FC-42CD-9D1C-B48878638196}.Ad-Hoc|iPhone.ActiveCfg = Debug|Any CPU
		{247B4B5E-65FC-42CD-9D1C-B48878638196}.Ad-Hoc|iPhone.Build.0 = Debug|Any CPU
		{247B4B5E-65FC-42CD-9D1C-B48878638196}.Ad-Hoc|iPhoneSimulator.ActiveCfg = Debug|Any CPU
		{247B4B5E-65FC-42CD-9D1C-B48878638196}.Ad-Hoc|iPhoneSimulator.Build.0 = Debug|Any CPU
		{247B4B5E-65FC-42CD-9D1C-B48878638196}.AppStore|Any CPU.ActiveCfg = Debug|Any CPU
		{247B4B5E-65FC-42CD-9D1C-B48878638196}.AppStore|Any CPU.Build.0 = Debug|Any CPU
		{247B4B5E-65FC-42CD-9D1C-B48878638196}.AppStore|iPhone.ActiveCfg = Debug|Any CPU
		{247B4B5E-65FC-42CD-9D1C-B48878638196}.AppStore|iPhone.Build.0 = Debug|Any CPU
		{247B4B5E-65FC-42CD-9D1C-B48878638196}.AppStore|iPhoneSimulator.ActiveCfg = Debug|Any CPU
		{247B4B5E-65FC-42CD-9D1C-B48878638196}.AppStore|iPhoneSimulator.Build.0 = Debug|Any CPU
		{247B4B5E-65FC-42CD-9D1C-B48878638196}.Debug|Any CPU.ActiveCfg = Debug|Any CPU
		{247B4B5E-65FC-42CD-9D1C-B48878638196}.Debug|Any CPU.Build.0 = Debug|Any CPU
		{247B4B5E-65FC-42CD-9D1C-B48878638196}.Debug|iPhone.ActiveCfg = Debug|Any CPU
		{247B4B5E-65FC-42CD-9D1C-B48878638196}.Debug|iPhone.Build.0 = Debug|Any CPU
		{247B4B5E-65FC-42CD-9D1C-B48878638196}.Debug|iPhoneSimulator.ActiveCfg = Debug|Any CPU
		{247B4B5E-65FC-42CD-9D1C-B48878638196}.Debug|iPhoneSimulator.Build.0 = Debug|Any CPU
		{247B4B5E-65FC-42CD-9D1C-B48878638196}.Release|Any CPU.ActiveCfg = Release|Any CPU
		{247B4B5E-65FC-42CD-9D1C-B48878638196}.Release|Any CPU.Build.0 = Release|Any CPU
		{247B4B5E-65FC-42CD-9D1C-B48878638196}.Release|iPhone.ActiveCfg = Release|Any CPU
		{247B4B5E-65FC-42CD-9D1C-B48878638196}.Release|iPhone.Build.0 = Release|Any CPU
		{247B4B5E-65FC-42CD-9D1C-B48878638196}.Release|iPhoneSimulator.ActiveCfg = Release|Any CPU
		{247B4B5E-65FC-42CD-9D1C-B48878638196}.Release|iPhoneSimulator.Build.0 = Release|Any CPU
		{903231A6-10EA-4BE2-B47A-C9D3A7BAF0D2}.Ad-Hoc|Any CPU.ActiveCfg = Debug|Any CPU
		{903231A6-10EA-4BE2-B47A-C9D3A7BAF0D2}.Ad-Hoc|Any CPU.Build.0 = Debug|Any CPU
		{903231A6-10EA-4BE2-B47A-C9D3A7BAF0D2}.Ad-Hoc|iPhone.ActiveCfg = Debug|Any CPU
		{903231A6-10EA-4BE2-B47A-C9D3A7BAF0D2}.Ad-Hoc|iPhone.Build.0 = Debug|Any CPU
		{903231A6-10EA-4BE2-B47A-C9D3A7BAF0D2}.Ad-Hoc|iPhoneSimulator.ActiveCfg = Debug|Any CPU
		{903231A6-10EA-4BE2-B47A-C9D3A7BAF0D2}.Ad-Hoc|iPhoneSimulator.Build.0 = Debug|Any CPU
		{903231A6-10EA-4BE2-B47A-C9D3A7BAF0D2}.AppStore|Any CPU.ActiveCfg = Debug|Any CPU
		{903231A6-10EA-4BE2-B47A-C9D3A7BAF0D2}.AppStore|Any CPU.Build.0 = Debug|Any CPU
		{903231A6-10EA-4BE2-B47A-C9D3A7BAF0D2}.AppStore|iPhone.ActiveCfg = Debug|Any CPU
		{903231A6-10EA-4BE2-B47A-C9D3A7BAF0D2}.AppStore|iPhone.Build.0 = Debug|Any CPU
		{903231A6-10EA-4BE2-B47A-C9D3A7BAF0D2}.AppStore|iPhoneSimulator.ActiveCfg = Debug|Any CPU
		{903231A6-10EA-4BE2-B47A-C9D3A7BAF0D2}.AppStore|iPhoneSimulator.Build.0 = Debug|Any CPU
		{903231A6-10EA-4BE2-B47A-C9D3A7BAF0D2}.Debug|Any CPU.ActiveCfg = Debug|Any CPU
		{903231A6-10EA-4BE2-B47A-C9D3A7BAF0D2}.Debug|Any CPU.Build.0 = Debug|Any CPU
		{903231A6-10EA-4BE2-B47A-C9D3A7BAF0D2}.Debug|iPhone.ActiveCfg = Debug|Any CPU
		{903231A6-10EA-4BE2-B47A-C9D3A7BAF0D2}.Debug|iPhone.Build.0 = Debug|Any CPU
		{903231A6-10EA-4BE2-B47A-C9D3A7BAF0D2}.Debug|iPhoneSimulator.ActiveCfg = Debug|Any CPU
		{903231A6-10EA-4BE2-B47A-C9D3A7BAF0D2}.Debug|iPhoneSimulator.Build.0 = Debug|Any CPU
		{903231A6-10EA-4BE2-B47A-C9D3A7BAF0D2}.Release|Any CPU.ActiveCfg = Release|Any CPU
		{903231A6-10EA-4BE2-B47A-C9D3A7BAF0D2}.Release|Any CPU.Build.0 = Release|Any CPU
		{903231A6-10EA-4BE2-B47A-C9D3A7BAF0D2}.Release|iPhone.ActiveCfg = Release|Any CPU
		{903231A6-10EA-4BE2-B47A-C9D3A7BAF0D2}.Release|iPhone.Build.0 = Release|Any CPU
		{903231A6-10EA-4BE2-B47A-C9D3A7BAF0D2}.Release|iPhoneSimulator.ActiveCfg = Release|Any CPU
		{903231A6-10EA-4BE2-B47A-C9D3A7BAF0D2}.Release|iPhoneSimulator.Build.0 = Release|Any CPU
		{D64D4456-FE03-4A91-ABCC-4BC5CD1E7E24}.Ad-Hoc|Any CPU.ActiveCfg = Debug|Any CPU
		{D64D4456-FE03-4A91-ABCC-4BC5CD1E7E24}.Ad-Hoc|Any CPU.Build.0 = Debug|Any CPU
		{D64D4456-FE03-4A91-ABCC-4BC5CD1E7E24}.Ad-Hoc|iPhone.ActiveCfg = Debug|Any CPU
		{D64D4456-FE03-4A91-ABCC-4BC5CD1E7E24}.Ad-Hoc|iPhone.Build.0 = Debug|Any CPU
		{D64D4456-FE03-4A91-ABCC-4BC5CD1E7E24}.Ad-Hoc|iPhoneSimulator.ActiveCfg = Debug|Any CPU
		{D64D4456-FE03-4A91-ABCC-4BC5CD1E7E24}.Ad-Hoc|iPhoneSimulator.Build.0 = Debug|Any CPU
		{D64D4456-FE03-4A91-ABCC-4BC5CD1E7E24}.AppStore|Any CPU.ActiveCfg = Debug|Any CPU
		{D64D4456-FE03-4A91-ABCC-4BC5CD1E7E24}.AppStore|Any CPU.Build.0 = Debug|Any CPU
		{D64D4456-FE03-4A91-ABCC-4BC5CD1E7E24}.AppStore|iPhone.ActiveCfg = Debug|Any CPU
		{D64D4456-FE03-4A91-ABCC-4BC5CD1E7E24}.AppStore|iPhone.Build.0 = Debug|Any CPU
		{D64D4456-FE03-4A91-ABCC-4BC5CD1E7E24}.AppStore|iPhoneSimulator.ActiveCfg = Debug|Any CPU
		{D64D4456-FE03-4A91-ABCC-4BC5CD1E7E24}.AppStore|iPhoneSimulator.Build.0 = Debug|Any CPU
		{D64D4456-FE03-4A91-ABCC-4BC5CD1E7E24}.Debug|Any CPU.ActiveCfg = Debug|Any CPU
		{D64D4456-FE03-4A91-ABCC-4BC5CD1E7E24}.Debug|Any CPU.Build.0 = Debug|Any CPU
		{D64D4456-FE03-4A91-ABCC-4BC5CD1E7E24}.Debug|iPhone.ActiveCfg = Debug|Any CPU
		{D64D4456-FE03-4A91-ABCC-4BC5CD1E7E24}.Debug|iPhone.Build.0 = Debug|Any CPU
		{D64D4456-FE03-4A91-ABCC-4BC5CD1E7E24}.Debug|iPhoneSimulator.ActiveCfg = Debug|Any CPU
		{D64D4456-FE03-4A91-ABCC-4BC5CD1E7E24}.Debug|iPhoneSimulator.Build.0 = Debug|Any CPU
		{D64D4456-FE03-4A91-ABCC-4BC5CD1E7E24}.Release|Any CPU.ActiveCfg = Release|Any CPU
		{D64D4456-FE03-4A91-ABCC-4BC5CD1E7E24}.Release|Any CPU.Build.0 = Release|Any CPU
		{D64D4456-FE03-4A91-ABCC-4BC5CD1E7E24}.Release|iPhone.ActiveCfg = Release|Any CPU
		{D64D4456-FE03-4A91-ABCC-4BC5CD1E7E24}.Release|iPhone.Build.0 = Release|Any CPU
		{D64D4456-FE03-4A91-ABCC-4BC5CD1E7E24}.Release|iPhoneSimulator.ActiveCfg = Release|Any CPU
		{D64D4456-FE03-4A91-ABCC-4BC5CD1E7E24}.Release|iPhoneSimulator.Build.0 = Release|Any CPU
		{7645B624-5D22-4D0C-864B-815111BA2EBE}.Ad-Hoc|Any CPU.ActiveCfg = Release|Any CPU
		{7645B624-5D22-4D0C-864B-815111BA2EBE}.Ad-Hoc|Any CPU.Build.0 = Release|Any CPU
		{7645B624-5D22-4D0C-864B-815111BA2EBE}.Ad-Hoc|Any CPU.Deploy.0 = Release|Any CPU
		{7645B624-5D22-4D0C-864B-815111BA2EBE}.Ad-Hoc|iPhone.ActiveCfg = Release|Any CPU
		{7645B624-5D22-4D0C-864B-815111BA2EBE}.Ad-Hoc|iPhone.Build.0 = Release|Any CPU
		{7645B624-5D22-4D0C-864B-815111BA2EBE}.Ad-Hoc|iPhone.Deploy.0 = Release|Any CPU
		{7645B624-5D22-4D0C-864B-815111BA2EBE}.Ad-Hoc|iPhoneSimulator.ActiveCfg = Release|Any CPU
		{7645B624-5D22-4D0C-864B-815111BA2EBE}.Ad-Hoc|iPhoneSimulator.Build.0 = Release|Any CPU
		{7645B624-5D22-4D0C-864B-815111BA2EBE}.Ad-Hoc|iPhoneSimulator.Deploy.0 = Release|Any CPU
		{7645B624-5D22-4D0C-864B-815111BA2EBE}.AppStore|Any CPU.ActiveCfg = Release|Any CPU
		{7645B624-5D22-4D0C-864B-815111BA2EBE}.AppStore|Any CPU.Build.0 = Release|Any CPU
		{7645B624-5D22-4D0C-864B-815111BA2EBE}.AppStore|Any CPU.Deploy.0 = Release|Any CPU
		{7645B624-5D22-4D0C-864B-815111BA2EBE}.AppStore|iPhone.ActiveCfg = Release|Any CPU
		{7645B624-5D22-4D0C-864B-815111BA2EBE}.AppStore|iPhone.Build.0 = Release|Any CPU
		{7645B624-5D22-4D0C-864B-815111BA2EBE}.AppStore|iPhone.Deploy.0 = Release|Any CPU
		{7645B624-5D22-4D0C-864B-815111BA2EBE}.AppStore|iPhoneSimulator.ActiveCfg = Release|Any CPU
		{7645B624-5D22-4D0C-864B-815111BA2EBE}.AppStore|iPhoneSimulator.Build.0 = Release|Any CPU
		{7645B624-5D22-4D0C-864B-815111BA2EBE}.AppStore|iPhoneSimulator.Deploy.0 = Release|Any CPU
		{7645B624-5D22-4D0C-864B-815111BA2EBE}.Debug|Any CPU.ActiveCfg = Debug|Any CPU
		{7645B624-5D22-4D0C-864B-815111BA2EBE}.Debug|Any CPU.Build.0 = Debug|Any CPU
		{7645B624-5D22-4D0C-864B-815111BA2EBE}.Debug|Any CPU.Deploy.0 = Debug|Any CPU
		{7645B624-5D22-4D0C-864B-815111BA2EBE}.Debug|iPhone.ActiveCfg = Debug|Any CPU
		{7645B624-5D22-4D0C-864B-815111BA2EBE}.Debug|iPhone.Build.0 = Debug|Any CPU
		{7645B624-5D22-4D0C-864B-815111BA2EBE}.Debug|iPhone.Deploy.0 = Debug|Any CPU
		{7645B624-5D22-4D0C-864B-815111BA2EBE}.Debug|iPhoneSimulator.ActiveCfg = Debug|Any CPU
		{7645B624-5D22-4D0C-864B-815111BA2EBE}.Debug|iPhoneSimulator.Build.0 = Debug|Any CPU
		{7645B624-5D22-4D0C-864B-815111BA2EBE}.Debug|iPhoneSimulator.Deploy.0 = Debug|Any CPU
		{7645B624-5D22-4D0C-864B-815111BA2EBE}.Release|Any CPU.ActiveCfg = Release|Any CPU
		{7645B624-5D22-4D0C-864B-815111BA2EBE}.Release|Any CPU.Build.0 = Release|Any CPU
		{7645B624-5D22-4D0C-864B-815111BA2EBE}.Release|Any CPU.Deploy.0 = Release|Any CPU
		{7645B624-5D22-4D0C-864B-815111BA2EBE}.Release|iPhone.ActiveCfg = Release|Any CPU
		{7645B624-5D22-4D0C-864B-815111BA2EBE}.Release|iPhone.Build.0 = Release|Any CPU
		{7645B624-5D22-4D0C-864B-815111BA2EBE}.Release|iPhone.Deploy.0 = Release|Any CPU
		{7645B624-5D22-4D0C-864B-815111BA2EBE}.Release|iPhoneSimulator.ActiveCfg = Release|Any CPU
		{7645B624-5D22-4D0C-864B-815111BA2EBE}.Release|iPhoneSimulator.Build.0 = Release|Any CPU
		{7645B624-5D22-4D0C-864B-815111BA2EBE}.Release|iPhoneSimulator.Deploy.0 = Release|Any CPU
		{B11A4F27-A223-46CF-9CF1-255790881471}.Ad-Hoc|Any CPU.ActiveCfg = Ad-Hoc|iPhone
		{B11A4F27-A223-46CF-9CF1-255790881471}.Ad-Hoc|iPhone.ActiveCfg = Ad-Hoc|iPhone
		{B11A4F27-A223-46CF-9CF1-255790881471}.Ad-Hoc|iPhone.Build.0 = Ad-Hoc|iPhone
		{B11A4F27-A223-46CF-9CF1-255790881471}.Ad-Hoc|iPhoneSimulator.ActiveCfg = Ad-Hoc|iPhoneSimulator
		{B11A4F27-A223-46CF-9CF1-255790881471}.Ad-Hoc|iPhoneSimulator.Build.0 = Ad-Hoc|iPhoneSimulator
		{B11A4F27-A223-46CF-9CF1-255790881471}.AppStore|Any CPU.ActiveCfg = AppStore|iPhone
		{B11A4F27-A223-46CF-9CF1-255790881471}.AppStore|iPhone.ActiveCfg = AppStore|iPhone
		{B11A4F27-A223-46CF-9CF1-255790881471}.AppStore|iPhone.Build.0 = AppStore|iPhone
		{B11A4F27-A223-46CF-9CF1-255790881471}.AppStore|iPhoneSimulator.ActiveCfg = AppStore|iPhoneSimulator
		{B11A4F27-A223-46CF-9CF1-255790881471}.AppStore|iPhoneSimulator.Build.0 = AppStore|iPhoneSimulator
		{B11A4F27-A223-46CF-9CF1-255790881471}.Debug|Any CPU.ActiveCfg = Debug|iPhone
		{B11A4F27-A223-46CF-9CF1-255790881471}.Debug|iPhone.ActiveCfg = Debug|iPhone
		{B11A4F27-A223-46CF-9CF1-255790881471}.Debug|iPhone.Build.0 = Debug|iPhone
		{B11A4F27-A223-46CF-9CF1-255790881471}.Debug|iPhoneSimulator.ActiveCfg = Debug|iPhoneSimulator
		{B11A4F27-A223-46CF-9CF1-255790881471}.Debug|iPhoneSimulator.Build.0 = Debug|iPhoneSimulator
		{B11A4F27-A223-46CF-9CF1-255790881471}.Release|Any CPU.ActiveCfg = Release|iPhone
		{B11A4F27-A223-46CF-9CF1-255790881471}.Release|iPhone.ActiveCfg = Release|iPhone
		{B11A4F27-A223-46CF-9CF1-255790881471}.Release|iPhone.Build.0 = Release|iPhone
		{B11A4F27-A223-46CF-9CF1-255790881471}.Release|iPhoneSimulator.ActiveCfg = Release|iPhoneSimulator
		{B11A4F27-A223-46CF-9CF1-255790881471}.Release|iPhoneSimulator.Build.0 = Release|iPhoneSimulator
		{E78811DA-5513-45F2-A0D7-AEE726E9D527}.Ad-Hoc|Any CPU.ActiveCfg = Release|Any CPU
		{E78811DA-5513-45F2-A0D7-AEE726E9D527}.Ad-Hoc|Any CPU.Build.0 = Release|Any CPU
		{E78811DA-5513-45F2-A0D7-AEE726E9D527}.Ad-Hoc|Any CPU.Deploy.0 = Release|Any CPU
		{E78811DA-5513-45F2-A0D7-AEE726E9D527}.Ad-Hoc|iPhone.ActiveCfg = Release|Any CPU
		{E78811DA-5513-45F2-A0D7-AEE726E9D527}.Ad-Hoc|iPhone.Build.0 = Release|Any CPU
		{E78811DA-5513-45F2-A0D7-AEE726E9D527}.Ad-Hoc|iPhone.Deploy.0 = Release|Any CPU
		{E78811DA-5513-45F2-A0D7-AEE726E9D527}.Ad-Hoc|iPhoneSimulator.ActiveCfg = Release|Any CPU
		{E78811DA-5513-45F2-A0D7-AEE726E9D527}.Ad-Hoc|iPhoneSimulator.Build.0 = Release|Any CPU
		{E78811DA-5513-45F2-A0D7-AEE726E9D527}.Ad-Hoc|iPhoneSimulator.Deploy.0 = Release|Any CPU
		{E78811DA-5513-45F2-A0D7-AEE726E9D527}.AppStore|Any CPU.ActiveCfg = Release|Any CPU
		{E78811DA-5513-45F2-A0D7-AEE726E9D527}.AppStore|Any CPU.Build.0 = Release|Any CPU
		{E78811DA-5513-45F2-A0D7-AEE726E9D527}.AppStore|Any CPU.Deploy.0 = Release|Any CPU
		{E78811DA-5513-45F2-A0D7-AEE726E9D527}.AppStore|iPhone.ActiveCfg = Release|Any CPU
		{E78811DA-5513-45F2-A0D7-AEE726E9D527}.AppStore|iPhone.Build.0 = Release|Any CPU
		{E78811DA-5513-45F2-A0D7-AEE726E9D527}.AppStore|iPhone.Deploy.0 = Release|Any CPU
		{E78811DA-5513-45F2-A0D7-AEE726E9D527}.AppStore|iPhoneSimulator.ActiveCfg = Release|Any CPU
		{E78811DA-5513-45F2-A0D7-AEE726E9D527}.AppStore|iPhoneSimulator.Build.0 = Release|Any CPU
		{E78811DA-5513-45F2-A0D7-AEE726E9D527}.AppStore|iPhoneSimulator.Deploy.0 = Release|Any CPU
		{E78811DA-5513-45F2-A0D7-AEE726E9D527}.Debug|Any CPU.ActiveCfg = Debug|Any CPU
		{E78811DA-5513-45F2-A0D7-AEE726E9D527}.Debug|Any CPU.Build.0 = Debug|Any CPU
		{E78811DA-5513-45F2-A0D7-AEE726E9D527}.Debug|Any CPU.Deploy.0 = Debug|Any CPU
		{E78811DA-5513-45F2-A0D7-AEE726E9D527}.Debug|iPhone.ActiveCfg = Debug|Any CPU
		{E78811DA-5513-45F2-A0D7-AEE726E9D527}.Debug|iPhone.Build.0 = Debug|Any CPU
		{E78811DA-5513-45F2-A0D7-AEE726E9D527}.Debug|iPhone.Deploy.0 = Debug|Any CPU
		{E78811DA-5513-45F2-A0D7-AEE726E9D527}.Debug|iPhoneSimulator.ActiveCfg = Debug|Any CPU
		{E78811DA-5513-45F2-A0D7-AEE726E9D527}.Debug|iPhoneSimulator.Build.0 = Debug|Any CPU
		{E78811DA-5513-45F2-A0D7-AEE726E9D527}.Debug|iPhoneSimulator.Deploy.0 = Debug|Any CPU
		{E78811DA-5513-45F2-A0D7-AEE726E9D527}.Release|Any CPU.ActiveCfg = Release|Any CPU
		{E78811DA-5513-45F2-A0D7-AEE726E9D527}.Release|Any CPU.Build.0 = Release|Any CPU
		{E78811DA-5513-45F2-A0D7-AEE726E9D527}.Release|Any CPU.Deploy.0 = Release|Any CPU
		{E78811DA-5513-45F2-A0D7-AEE726E9D527}.Release|iPhone.ActiveCfg = Release|Any CPU
		{E78811DA-5513-45F2-A0D7-AEE726E9D527}.Release|iPhone.Build.0 = Release|Any CPU
		{E78811DA-5513-45F2-A0D7-AEE726E9D527}.Release|iPhone.Deploy.0 = Release|Any CPU
		{E78811DA-5513-45F2-A0D7-AEE726E9D527}.Release|iPhoneSimulator.ActiveCfg = Release|Any CPU
		{E78811DA-5513-45F2-A0D7-AEE726E9D527}.Release|iPhoneSimulator.Build.0 = Release|Any CPU
		{E78811DA-5513-45F2-A0D7-AEE726E9D527}.Release|iPhoneSimulator.Deploy.0 = Release|Any CPU
	EndGlobalSection
	GlobalSection(SolutionProperties) = preSolution
		HideSolutionNode = FALSE
	EndGlobalSection
	GlobalSection(ExtensibilityGlobals) = postSolution
		SolutionGuid = {713E5E73-B96B-4E82-85F2-3EBCBF2FA306}
	EndGlobalSection
EndGlobal
